
Microsoft Visual Studio Solution File, Format Version 12.00
# Visual Studio 15
VisualStudioVersion = 15.0.27130.2036
MinimumVisualStudioVersion = 10.0.40219.1
Project("{FAE04EC0-301F-11D3-BF4B-00C04F79EFBC}") = "HotelManager", "HotelManager\HotelManager.csproj", "{F644FB9A-20B0-4C1A-A004-B7AD30B55E28}"
EndProject
Project("{FAE04EC0-301F-11D3-BF4B-00C04F79EFBC}") = "BLL", "BLL\BLL.csproj", "{3AC2856E-9F26-46FD-8E3C-A75C7713003B}"
EndProject
Project("{FAE04EC0-301F-11D3-BF4B-00C04F79EFBC}") = "DAL", "DAL\DAL.csproj", "{4822CCD4-2166-44BB-BF3B-E2459EE76A38}"
EndProject
Project("{FAE04EC0-301F-11D3-BF4B-00C04F79EFBC}") = "Models", "Models\Models.csproj", "{1383530D-13C5-4C38-A85D-59B67A449FBF}"
EndProject
Project("{FAE04EC0-301F-11D3-BF4B-00C04F79EFBC}") = "Common", "Common\Common.csproj", "{7C526369-3301-4783-AFC9-42E549427ADA}"
EndProject
Global
	GlobalSection(SolutionConfigurationPlatforms) = preSolution
		Debug|Any CPU = Debug|Any CPU
		Release|Any CPU = Release|Any CPU
	EndGlobalSection
	GlobalSection(ProjectConfigurationPlatforms) = postSolution
		{F644FB9A-20B0-4C1A-A004-B7AD30B55E28}.Debug|Any CPU.ActiveCfg = Debug|Any CPU
		{F644FB9A-20B0-4C1A-A004-B7AD30B55E28}.Debug|Any CPU.Build.0 = Debug|Any CPU
		{F644FB9A-20B0-4C1A-A004-B7AD30B55E28}.Release|Any CPU.ActiveCfg = Release|Any CPU
		{F644FB9A-20B0-4C1A-A004-B7AD30B55E28}.Release|Any CPU.Build.0 = Release|Any CPU
		{3AC2856E-9F26-46FD-8E3C-A75C7713003B}.Debug|Any CPU.ActiveCfg = Debug|Any CPU
		{3AC2856E-9F26-46FD-8E3C-A75C7713003B}.Debug|Any CPU.Build.0 = Debug|Any CPU
		{3AC2856E-9F26-46FD-8E3C-A75C7713003B}.Release|Any CPU.ActiveCfg = Release|Any CPU
		{3AC2856E-9F26-46FD-8E3C-A75C7713003B}.Release|Any CPU.Build.0 = Release|Any CPU
		{4822CCD4-2166-44BB-BF3B-E2459EE76A38}.Debug|Any CPU.ActiveCfg = Debug|Any CPU
		{4822CCD4-2166-44BB-BF3B-E2459EE76A38}.Debug|Any CPU.Build.0 = Debug|Any CPU
		{4822CCD4-2166-44BB-BF3B-E2459EE76A38}.Release|Any CPU.ActiveCfg = Release|Any CPU
		{4822CCD4-2166-44BB-BF3B-E2459EE76A38}.Release|Any CPU.Build.0 = Release|Any CPU
		{1383530D-13C5-4C38-A85D-59B67A449FBF}.Debug|Any CPU.ActiveCfg = Debug|Any CPU
		{1383530D-13C5-4C38-A85D-59B67A449FBF}.Debug|Any CPU.Build.0 = Debug|Any CPU
		{1383530D-13C5-4C38-A85D-59B67A449FBF}.Release|Any CPU.ActiveCfg = Release|Any CPU
		{1383530D-13C5-4C38-A85D-59B67A449FBF}.Release|Any CPU.Build.0 = Release|Any CPU
		{7C526369-3301-4783-AFC9-42E549427ADA}.Debug|Any CPU.ActiveCfg = Debug|Any CPU
		{7C526369-3301-4783-AFC9-42E549427ADA}.Debug|Any CPU.Build.0 = Debug|Any CPU
		{7C526369-3301-4783-AFC9-42E549427ADA}.Release|Any CPU.ActiveCfg = Release|Any CPU
		{7C526369-3301-4783-AFC9-42E549427ADA}.Release|Any CPU.Build.0 = Release|Any CPU
	EndGlobalSection
	GlobalSection(SolutionProperties) = preSolution
		HideSolutionNode = FALSE
	EndGlobalSection
	GlobalSection(ExtensibilityGlobals) = postSolution
		SolutionGuid = {33BAE50B-1FA6-4214-88E3-4A786309834D}
	EndGlobalSection
EndGlobal
